
Microsoft Visual Studio Solution File, Format Version 12.00
# Visual Studio Version 17
VisualStudioVersion = 17.6.33723.286
MinimumVisualStudioVersion = 10.0.40219.1
Project("{9A19103F-16F7-4668-BE54-9A1E7A4F7556}") = "Talabat.API", "Talabat.API.csproj", "{BB302296-1BCE-4E44-8CEA-E23290A69DAE}"
EndProject
Project("{9A19103F-16F7-4668-BE54-9A1E7A4F7556}") = "Talabat.Repository", "..\Talabat.Repository\Talabat.Repository.csproj", "{3E155497-5429-4047-A2AC-FD68B0657701}"
EndProject
Project("{9A19103F-16F7-4668-BE54-9A1E7A4F7556}") = "Talabat.CoreEntities", "..\Talabat.CoreEntities\Talabat.CoreEntities.csproj", "{A86BF620-203A-461A-AB90-3C31BA3AB6F7}"
EndProject
Project("{9A19103F-16F7-4668-BE54-9A1E7A4F7556}") = "Talabat.Services", "..\Talabat.Services\Talabat.Services.csproj", "{1F0AE898-AFC4-411B-825A-CE95685556C8}"
EndProject
Global
	GlobalSection(SolutionConfigurationPlatforms) = preSolution
		Debug|Any CPU = Debug|Any CPU
		Release|Any CPU = Release|Any CPU
	EndGlobalSection
	GlobalSection(ProjectConfigurationPlatforms) = postSolution
		{BB302296-1BCE-4E44-8CEA-E23290A69DAE}.Debug|Any CPU.ActiveCfg = Debug|Any CPU
		{BB302296-1BCE-4E44-8CEA-E23290A69DAE}.Debug|Any CPU.Build.0 = Debug|Any CPU
		{BB302296-1BCE-4E44-8CEA-E23290A69DAE}.Release|Any CPU.ActiveCfg = Release|Any CPU
		{BB302296-1BCE-4E44-8CEA-E23290A69DAE}.Release|Any CPU.Build.0 = Release|Any CPU
		{3E155497-5429-4047-A2AC-FD68B0657701}.Debug|Any CPU.ActiveCfg = Debug|Any CPU
		{3E155497-5429-4047-A2AC-FD68B0657701}.Debug|Any CPU.Build.0 = Debug|Any CPU
		{3E155497-5429-4047-A2AC-FD68B0657701}.Release|Any CPU.ActiveCfg = Release|Any CPU
		{3E155497-5429-4047-A2AC-FD68B0657701}.Release|Any CPU.Build.0 = Release|Any CPU
		{A86BF620-203A-461A-AB90-3C31BA3AB6F7}.Debug|Any CPU.ActiveCfg = Debug|Any CPU
		{A86BF620-203A-461A-AB90-3C31BA3AB6F7}.Debug|Any CPU.Build.0 = Debug|Any CPU
		{A86BF620-203A-461A-AB90-3C31BA3AB6F7}.Release|Any CPU.ActiveCfg = Release|Any CPU
		{A86BF620-203A-461A-AB90-3C31BA3AB6F7}.Release|Any CPU.Build.0 = Release|Any CPU
		{1F0AE898-AFC4-411B-825A-CE95685556C8}.Debug|Any CPU.ActiveCfg = Debug|Any CPU
		{1F0AE898-AFC4-411B-825A-CE95685556C8}.Debug|Any CPU.Build.0 = Debug|Any CPU
		{1F0AE898-AFC4-411B-825A-CE95685556C8}.Release|Any CPU.ActiveCfg = Release|Any CPU
		{1F0AE898-AFC4-411B-825A-CE95685556C8}.Release|Any CPU.Build.0 = Release|Any CPU
	EndGlobalSection
	GlobalSection(SolutionProperties) = preSolution
		HideSolutionNode = FALSE
	EndGlobalSection
	GlobalSection(ExtensibilityGlobals) = postSolution
		SolutionGuid = {E6FAC454-9F65-4C38-8D14-99DFE579BBAF}
	EndGlobalSection
EndGlobal
